
Microsoft Visual Studio Solution File, Format Version 12.00
# Visual Studio 14
VisualStudioVersion = 14.0.25420.1
MinimumVisualStudioVersion = 10.0.40219.1
Project("{8BC9CEB8-8B4A-11D0-8D11-00A0C91BC942}") = "RemoteRenderedVR_Server", "RemoteGL.vcxproj", "{2209E50A-6F07-4CEE-8848-A0404017EE6D}"
EndProject
Global
	GlobalSection(SolutionConfigurationPlatforms) = preSolution
		debug|x64 = debug|x64
		debug|x86 = debug|x86
		release|x64 = release|x64
		release|x86 = release|x86
	EndGlobalSection
	GlobalSection(ProjectConfigurationPlatforms) = postSolution
		{2209E50A-6F07-4CEE-8848-A0404017EE6D}.debug|x64.ActiveCfg = debug|x64
		{2209E50A-6F07-4CEE-8848-A0404017EE6D}.debug|x64.Build.0 = debug|x64
		{2209E50A-6F07-4CEE-8848-A0404017EE6D}.debug|x86.ActiveCfg = debug|Win32
		{2209E50A-6F07-4CEE-8848-A0404017EE6D}.debug|x86.Build.0 = debug|Win32
		{2209E50A-6F07-4CEE-8848-A0404017EE6D}.release|x64.ActiveCfg = release|x64
		{2209E50A-6F07-4CEE-8848-A0404017EE6D}.release|x64.Build.0 = release|x64
		{2209E50A-6F07-4CEE-8848-A0404017EE6D}.release|x86.ActiveCfg = release|Win32
		{2209E50A-6F07-4CEE-8848-A0404017EE6D}.release|x86.Build.0 = release|Win32
	EndGlobalSection
	GlobalSection(SolutionProperties) = preSolution
		HideSolutionNode = FALSE
	EndGlobalSection
	GlobalSection(ExtensibilityGlobals) = postSolution
		SolutionGuid = {EB7B2092-825A-42B7-AD75-590320C0900A}
	EndGlobalSection
EndGlobal
